
Microsoft Visual Studio Solution File, Format Version 12.00
# Visual Studio Version 16
VisualStudioVersion = 16.0.29209.152
MinimumVisualStudioVersion = 10.0.40219.1
Project("{9A19103F-16F7-4668-BE54-9A1E7A4F7556}") = "GraphLinqQL.Test", "GraphLinqQL.Test\GraphLinqQL.Test.csproj", "{4207F68C-5660-4DC2-91F0-FA287E552081}"
EndProject
Project("{9A19103F-16F7-4668-BE54-9A1E7A4F7556}") = "GraphLinqQL", "GraphLinqQL\GraphLinqQL.csproj", "{91D75D2A-DD67-41D7-913E-9DDEA63EA936}"
EndProject
Project("{9A19103F-16F7-4668-BE54-9A1E7A4F7556}") = "GraphLinqQL.CommonTypes", "GraphLinqQL.CommonTypes\GraphLinqQL.CommonTypes.csproj", "{82E2EEB2-EA8F-4470-B197-A97D172D97DE}"
EndProject
Project("{9A19103F-16F7-4668-BE54-9A1E7A4F7556}") = "GraphLinqQL.Demo", "GraphLinqQL.Demo\GraphLinqQL.Demo.csproj", "{EF55CACA-FC01-48BE-B680-192769C334EF}"
	ProjectSection(ProjectDependencies) = postProject
		{040B7447-AF92-47E2-9747-3FD8C7F4A0AC} = {040B7447-AF92-47E2-9747-3FD8C7F4A0AC}
	EndProjectSection
EndProject
Project("{9A19103F-16F7-4668-BE54-9A1E7A4F7556}") = "GraphLinqQL.Demo.Server", "GraphLinqQL.Demo.Server\GraphLinqQL.Demo.Server.csproj", "{4E8BFFD5-C8E1-4358-A2A8-2C5F93BA1CE7}"
EndProject
Project("{9A19103F-16F7-4668-BE54-9A1E7A4F7556}") = "GraphLinqQL.AspNetCore", "GraphLinqQL.AspNetCore\GraphLinqQL.AspNetCore.csproj", "{A0FE4DC8-D28D-4685-A2BA-008F526550FD}"
EndProject
Project("{2150E333-8FDC-42A3-9474-1A3956D46DE8}") = "Solution Items", "Solution Items", "{25326AB9-A3CA-4A05-B646-F958571A8F1C}"
	ProjectSection(SolutionItems) = preProject
		readme.md = readme.md
	EndProjectSection
EndProject
Project("{9A19103F-16F7-4668-BE54-9A1E7A4F7556}") = "GraphLinqQL.Introspection", "GraphLinqQL.Introspection\GraphLinqQL.Introspection.csproj", "{76E197C5-9758-4800-9E4E-E7FC05301584}"
	ProjectSection(ProjectDependencies) = postProject
		{040B7447-AF92-47E2-9747-3FD8C7F4A0AC} = {040B7447-AF92-47E2-9747-3FD8C7F4A0AC}
	EndProjectSection
EndProject
Project("{9A19103F-16F7-4668-BE54-9A1E7A4F7556}") = "GraphLinqQL.Demo.EntityFramework", "GraphLinqQL.Demo.EntityFramework\GraphLinqQL.Demo.EntityFramework.csproj", "{F8254753-CA00-4E32-990E-206782DB71FB}"
	ProjectSection(ProjectDependencies) = postProject
		{040B7447-AF92-47E2-9747-3FD8C7F4A0AC} = {040B7447-AF92-47E2-9747-3FD8C7F4A0AC}
	EndProjectSection
EndProject
Project("{9A19103F-16F7-4668-BE54-9A1E7A4F7556}") = "GraphLinqQL.Execution", "GraphLinqQL.Execution\GraphLinqQL.Execution.csproj", "{2AE5B1E3-9C10-4018-B62B-159F8A359397}"
EndProject
Project("{2150E333-8FDC-42A3-9474-1A3956D46DE8}") = "Demo", "Demo", "{D27178A6-5E6C-4491-81A6-6738AEC82BEC}"
EndProject
Project("{2150E333-8FDC-42A3-9474-1A3956D46DE8}") = "Tests", "Tests", "{1BD68627-7F2F-41A6-AB71-9B76F58E0CD1}"
EndProject
Project("{9A19103F-16F7-4668-BE54-9A1E7A4F7556}") = "GraphLinqQL.Resolvers", "GraphLinqQL.Resolvers\GraphLinqQL.Resolvers.csproj", "{A0DBF551-CB10-4DAB-80C8-2088F1C8A35E}"
EndProject
Project("{9A19103F-16F7-4668-BE54-9A1E7A4F7556}") = "GraphLinqQL.Demo.Legacy", "GraphLinqQL.Demo.Legacy\GraphLinqQL.Demo.Legacy.csproj", "{6C6D794D-F913-4643-8192-4BED2CEDC936}"
EndProject
Project("{9A19103F-16F7-4668-BE54-9A1E7A4F7556}") = "GraphLinqQL.Ast", "GraphLinqQL.Ast\GraphLinqQL.Ast.csproj", "{E4F84764-6BF2-436A-AB79-093CEF304070}"
EndProject
Project("{9A19103F-16F7-4668-BE54-9A1E7A4F7556}") = "GraphLinqQL.Ast.Test", "GraphLinqQL.Ast.Test\GraphLinqQL.Ast.Test.csproj", "{4B6BC7BB-5241-4844-BB2A-F53BE102AB75}"
EndProject
Project("{9A19103F-16F7-4668-BE54-9A1E7A4F7556}") = "GraphLinqQL.CodeGeneration", "GraphLinqQL.CodeGeneration\GraphLinqQL.CodeGeneration.csproj", "{040B7447-AF92-47E2-9747-3FD8C7F4A0AC}"
EndProject
Global
	GlobalSection(SolutionConfigurationPlatforms) = preSolution
		Debug|Any CPU = Debug|Any CPU
		Release|Any CPU = Release|Any CPU
	EndGlobalSection
	GlobalSection(ProjectConfigurationPlatforms) = postSolution
		{4207F68C-5660-4DC2-91F0-FA287E552081}.Debug|Any CPU.ActiveCfg = Debug|Any CPU
		{4207F68C-5660-4DC2-91F0-FA287E552081}.Debug|Any CPU.Build.0 = Debug|Any CPU
		{4207F68C-5660-4DC2-91F0-FA287E552081}.Release|Any CPU.ActiveCfg = Release|Any CPU
		{4207F68C-5660-4DC2-91F0-FA287E552081}.Release|Any CPU.Build.0 = Release|Any CPU
		{91D75D2A-DD67-41D7-913E-9DDEA63EA936}.Debug|Any CPU.ActiveCfg = Debug|Any CPU
		{91D75D2A-DD67-41D7-913E-9DDEA63EA936}.Debug|Any CPU.Build.0 = Debug|Any CPU
		{91D75D2A-DD67-41D7-913E-9DDEA63EA936}.Release|Any CPU.ActiveCfg = Release|Any CPU
		{91D75D2A-DD67-41D7-913E-9DDEA63EA936}.Release|Any CPU.Build.0 = Release|Any CPU
		{82E2EEB2-EA8F-4470-B197-A97D172D97DE}.Debug|Any CPU.ActiveCfg = Debug|Any CPU
		{82E2EEB2-EA8F-4470-B197-A97D172D97DE}.Debug|Any CPU.Build.0 = Debug|Any CPU
		{82E2EEB2-EA8F-4470-B197-A97D172D97DE}.Release|Any CPU.ActiveCfg = Release|Any CPU
		{82E2EEB2-EA8F-4470-B197-A97D172D97DE}.Release|Any CPU.Build.0 = Release|Any CPU
		{EF55CACA-FC01-48BE-B680-192769C334EF}.Debug|Any CPU.ActiveCfg = Debug|Any CPU
		{EF55CACA-FC01-48BE-B680-192769C334EF}.Debug|Any CPU.Build.0 = Debug|Any CPU
		{EF55CACA-FC01-48BE-B680-192769C334EF}.Release|Any CPU.ActiveCfg = Release|Any CPU
		{EF55CACA-FC01-48BE-B680-192769C334EF}.Release|Any CPU.Build.0 = Release|Any CPU
		{4E8BFFD5-C8E1-4358-A2A8-2C5F93BA1CE7}.Debug|Any CPU.ActiveCfg = Debug|Any CPU
		{4E8BFFD5-C8E1-4358-A2A8-2C5F93BA1CE7}.Debug|Any CPU.Build.0 = Debug|Any CPU
		{4E8BFFD5-C8E1-4358-A2A8-2C5F93BA1CE7}.Release|Any CPU.ActiveCfg = Release|Any CPU
		{4E8BFFD5-C8E1-4358-A2A8-2C5F93BA1CE7}.Release|Any CPU.Build.0 = Release|Any CPU
		{A0FE4DC8-D28D-4685-A2BA-008F526550FD}.Debug|Any CPU.ActiveCfg = Debug|Any CPU
		{A0FE4DC8-D28D-4685-A2BA-008F526550FD}.Debug|Any CPU.Build.0 = Debug|Any CPU
		{A0FE4DC8-D28D-4685-A2BA-008F526550FD}.Release|Any CPU.ActiveCfg = Release|Any CPU
		{A0FE4DC8-D28D-4685-A2BA-008F526550FD}.Release|Any CPU.Build.0 = Release|Any CPU
		{76E197C5-9758-4800-9E4E-E7FC05301584}.Debug|Any CPU.ActiveCfg = Debug|Any CPU
		{76E197C5-9758-4800-9E4E-E7FC05301584}.Debug|Any CPU.Build.0 = Debug|Any CPU
		{76E197C5-9758-4800-9E4E-E7FC05301584}.Release|Any CPU.ActiveCfg = Release|Any CPU
		{76E197C5-9758-4800-9E4E-E7FC05301584}.Release|Any CPU.Build.0 = Release|Any CPU
		{F8254753-CA00-4E32-990E-206782DB71FB}.Debug|Any CPU.ActiveCfg = Debug|Any CPU
		{F8254753-CA00-4E32-990E-206782DB71FB}.Debug|Any CPU.Build.0 = Debug|Any CPU
		{F8254753-CA00-4E32-990E-206782DB71FB}.Release|Any CPU.ActiveCfg = Release|Any CPU
		{F8254753-CA00-4E32-990E-206782DB71FB}.Release|Any CPU.Build.0 = Release|Any CPU
		{2AE5B1E3-9C10-4018-B62B-159F8A359397}.Debug|Any CPU.ActiveCfg = Debug|Any CPU
		{2AE5B1E3-9C10-4018-B62B-159F8A359397}.Debug|Any CPU.Build.0 = Debug|Any CPU
		{2AE5B1E3-9C10-4018-B62B-159F8A359397}.Release|Any CPU.ActiveCfg = Release|Any CPU
		{2AE5B1E3-9C10-4018-B62B-159F8A359397}.Release|Any CPU.Build.0 = Release|Any CPU
		{A0DBF551-CB10-4DAB-80C8-2088F1C8A35E}.Debug|Any CPU.ActiveCfg = Debug|Any CPU
		{A0DBF551-CB10-4DAB-80C8-2088F1C8A35E}.Debug|Any CPU.Build.0 = Debug|Any CPU
		{A0DBF551-CB10-4DAB-80C8-2088F1C8A35E}.Release|Any CPU.ActiveCfg = Release|Any CPU
		{A0DBF551-CB10-4DAB-80C8-2088F1C8A35E}.Release|Any CPU.Build.0 = Release|Any CPU
		{6C6D794D-F913-4643-8192-4BED2CEDC936}.Debug|Any CPU.ActiveCfg = Debug|Any CPU
		{6C6D794D-F913-4643-8192-4BED2CEDC936}.Debug|Any CPU.Build.0 = Debug|Any CPU
		{6C6D794D-F913-4643-8192-4BED2CEDC936}.Release|Any CPU.ActiveCfg = Release|Any CPU
		{6C6D794D-F913-4643-8192-4BED2CEDC936}.Release|Any CPU.Build.0 = Release|Any CPU
		{E4F84764-6BF2-436A-AB79-093CEF304070}.Debug|Any CPU.ActiveCfg = Debug|Any CPU
		{E4F84764-6BF2-436A-AB79-093CEF304070}.Debug|Any CPU.Build.0 = Debug|Any CPU
		{E4F84764-6BF2-436A-AB79-093CEF304070}.Release|Any CPU.ActiveCfg = Release|Any CPU
		{E4F84764-6BF2-436A-AB79-093CEF304070}.Release|Any CPU.Build.0 = Release|Any CPU
		{4B6BC7BB-5241-4844-BB2A-F53BE102AB75}.Debug|Any CPU.ActiveCfg = Debug|Any CPU
		{4B6BC7BB-5241-4844-BB2A-F53BE102AB75}.Debug|Any CPU.Build.0 = Debug|Any CPU
		{4B6BC7BB-5241-4844-BB2A-F53BE102AB75}.Release|Any CPU.ActiveCfg = Release|Any CPU
		{4B6BC7BB-5241-4844-BB2A-F53BE102AB75}.Release|Any CPU.Build.0 = Release|Any CPU
		{040B7447-AF92-47E2-9747-3FD8C7F4A0AC}.Debug|Any CPU.ActiveCfg = Debug|Any CPU
		{040B7447-AF92-47E2-9747-3FD8C7F4A0AC}.Debug|Any CPU.Build.0 = Debug|Any CPU
		{040B7447-AF92-47E2-9747-3FD8C7F4A0AC}.Release|Any CPU.ActiveCfg = Release|Any CPU
		{040B7447-AF92-47E2-9747-3FD8C7F4A0AC}.Release|Any CPU.Build.0 = Release|Any CPU
	EndGlobalSection
	GlobalSection(SolutionProperties) = preSolution
		HideSolutionNode = FALSE
	EndGlobalSection
	GlobalSection(NestedProjects) = preSolution
		{4207F68C-5660-4DC2-91F0-FA287E552081} = {1BD68627-7F2F-41A6-AB71-9B76F58E0CD1}
		{EF55CACA-FC01-48BE-B680-192769C334EF} = {D27178A6-5E6C-4491-81A6-6738AEC82BEC}
		{4E8BFFD5-C8E1-4358-A2A8-2C5F93BA1CE7} = {D27178A6-5E6C-4491-81A6-6738AEC82BEC}
		{F8254753-CA00-4E32-990E-206782DB71FB} = {D27178A6-5E6C-4491-81A6-6738AEC82BEC}
		{6C6D794D-F913-4643-8192-4BED2CEDC936} = {D27178A6-5E6C-4491-81A6-6738AEC82BEC}
		{4B6BC7BB-5241-4844-BB2A-F53BE102AB75} = {1BD68627-7F2F-41A6-AB71-9B76F58E0CD1}
	EndGlobalSection
	GlobalSection(ExtensibilityGlobals) = postSolution
		SolutionGuid = {2B05A32A-DACC-4EAA-98CE-3462557D2258}
	EndGlobalSection
EndGlobal
